
Microsoft Visual Studio Solution File, Format Version 12.00
# Visual Studio 15
VisualStudioVersion = 15.0.28307.705
MinimumVisualStudioVersion = 10.0.40219.1
Project("{F184B08F-C81C-45F6-A57F-5ABD9991F28F}") = "WindowsApp1", "WindowsApp1\WindowsApp1.vbproj", "{3E519B90-D9E5-48B2-9523-F9C75A0E4E72}"
EndProject
Global
	GlobalSection(SolutionConfigurationPlatforms) = preSolution
		Debug|Any CPU = Debug|Any CPU
		Debug|x86 = Debug|x86
		Release|Any CPU = Release|Any CPU
		Release|x86 = Release|x86
	EndGlobalSection
	GlobalSection(ProjectConfigurationPlatforms) = postSolution
		{3E519B90-D9E5-48B2-9523-F9C75A0E4E72}.Debug|Any CPU.ActiveCfg = Debug|Any CPU
		{3E519B90-D9E5-48B2-9523-F9C75A0E4E72}.Debug|Any CPU.Build.0 = Debug|Any CPU
		{3E519B90-D9E5-48B2-9523-F9C75A0E4E72}.Debug|x86.ActiveCfg = Debug|Any CPU
		{3E519B90-D9E5-48B2-9523-F9C75A0E4E72}.Debug|x86.Build.0 = Debug|Any CPU
		{3E519B90-D9E5-48B2-9523-F9C75A0E4E72}.Release|Any CPU.ActiveCfg = Release|Any CPU
		{3E519B90-D9E5-48B2-9523-F9C75A0E4E72}.Release|Any CPU.Build.0 = Release|Any CPU
		{3E519B90-D9E5-48B2-9523-F9C75A0E4E72}.Release|x86.ActiveCfg = Release|Any CPU
		{3E519B90-D9E5-48B2-9523-F9C75A0E4E72}.Release|x86.Build.0 = Release|Any CPU
	EndGlobalSection
	GlobalSection(SolutionProperties) = preSolution
		HideSolutionNode = FALSE
	EndGlobalSection
	GlobalSection(ExtensibilityGlobals) = postSolution
		SolutionGuid = {8CC0C9CB-C0CF-4439-9A8E-78CE36E8A2E1}
	EndGlobalSection
EndGlobal
